
Microsoft Visual Studio Solution File, Format Version 12.00
# Visual Studio 15
VisualStudioVersion = 15.0.28307.329
MinimumVisualStudioVersion = 10.0.40219.1
Project("{D954291E-2A0B-460D-934E-DC6B0785DB48}") = "world-factbook-site", "world-factbook-site\world-factbook-site.shproj", "{549BEB0D-A5ED-43CA-994A-F1E353B53822}"
EndProject
Global
	GlobalSection(SharedMSBuildProjectFiles) = preSolution
		world-factbook-site\world-factbook-site.projitems*{549beb0d-a5ed-43ca-994a-f1e353b53822}*SharedItemsImports = 13
	EndGlobalSection
	GlobalSection(SolutionProperties) = preSolution
		HideSolutionNode = FALSE
	EndGlobalSection
	GlobalSection(ExtensibilityGlobals) = postSolution
		SolutionGuid = {650D7DCD-798A-49CA-99B4-41870DD2E28F}
	EndGlobalSection
EndGlobal
